
Microsoft Visual Studio Solution File, Format Version 12.00
# Visual Studio Version 16
VisualStudioVersion = 16.0.30114.105
MinimumVisualStudioVersion = 10.0.40219.1
Project("{FAE04EC0-301F-11D3-BF4B-00C04F79EFBC}") = "Eventos.Application", "Eventos.Application\Eventos.Application.csproj", "{A6C47034-1704-4FB7-8D96-123127C89A01}"
EndProject
Project("{FAE04EC0-301F-11D3-BF4B-00C04F79EFBC}") = "Eventos.Domain", "Eventos.domain\Eventos.Domain.csproj", "{68AEB764-4570-49C3-9AA0-929A9D250C04}"
EndProject
Project("{FAE04EC0-301F-11D3-BF4B-00C04F79EFBC}") = "Eventos.API", "Eventos.api\Eventos.API.csproj", "{ADD715E6-3238-4B37-BEB1-FBDB59FE8C4C}"
EndProject
Project("{FAE04EC0-301F-11D3-BF4B-00C04F79EFBC}") = "Eventos.Persistence", "Eventos.persistence\Eventos.Persistence.csproj", "{9E3EBBBC-DC82-4187-BC47-24CB6DA8175D}"
EndProject
Global
	GlobalSection(SolutionConfigurationPlatforms) = preSolution
		Debug|Any CPU = Debug|Any CPU
		Debug|x64 = Debug|x64
		Debug|x86 = Debug|x86
		Release|Any CPU = Release|Any CPU
		Release|x64 = Release|x64
		Release|x86 = Release|x86
	EndGlobalSection
	GlobalSection(SolutionProperties) = preSolution
		HideSolutionNode = FALSE
	EndGlobalSection
	GlobalSection(ProjectConfigurationPlatforms) = postSolution
		{A6C47034-1704-4FB7-8D96-123127C89A01}.Debug|Any CPU.ActiveCfg = Debug|Any CPU
		{A6C47034-1704-4FB7-8D96-123127C89A01}.Debug|Any CPU.Build.0 = Debug|Any CPU
		{A6C47034-1704-4FB7-8D96-123127C89A01}.Debug|x64.ActiveCfg = Debug|Any CPU
		{A6C47034-1704-4FB7-8D96-123127C89A01}.Debug|x64.Build.0 = Debug|Any CPU
		{A6C47034-1704-4FB7-8D96-123127C89A01}.Debug|x86.ActiveCfg = Debug|Any CPU
		{A6C47034-1704-4FB7-8D96-123127C89A01}.Debug|x86.Build.0 = Debug|Any CPU
		{A6C47034-1704-4FB7-8D96-123127C89A01}.Release|Any CPU.ActiveCfg = Release|Any CPU
		{A6C47034-1704-4FB7-8D96-123127C89A01}.Release|Any CPU.Build.0 = Release|Any CPU
		{A6C47034-1704-4FB7-8D96-123127C89A01}.Release|x64.ActiveCfg = Release|Any CPU
		{A6C47034-1704-4FB7-8D96-123127C89A01}.Release|x64.Build.0 = Release|Any CPU
		{A6C47034-1704-4FB7-8D96-123127C89A01}.Release|x86.ActiveCfg = Release|Any CPU
		{A6C47034-1704-4FB7-8D96-123127C89A01}.Release|x86.Build.0 = Release|Any CPU
		{68AEB764-4570-49C3-9AA0-929A9D250C04}.Debug|Any CPU.ActiveCfg = Debug|Any CPU
		{68AEB764-4570-49C3-9AA0-929A9D250C04}.Debug|Any CPU.Build.0 = Debug|Any CPU
		{68AEB764-4570-49C3-9AA0-929A9D250C04}.Debug|x64.ActiveCfg = Debug|Any CPU
		{68AEB764-4570-49C3-9AA0-929A9D250C04}.Debug|x64.Build.0 = Debug|Any CPU
		{68AEB764-4570-49C3-9AA0-929A9D250C04}.Debug|x86.ActiveCfg = Debug|Any CPU
		{68AEB764-4570-49C3-9AA0-929A9D250C04}.Debug|x86.Build.0 = Debug|Any CPU
		{68AEB764-4570-49C3-9AA0-929A9D250C04}.Release|Any CPU.ActiveCfg = Release|Any CPU
		{68AEB764-4570-49C3-9AA0-929A9D250C04}.Release|Any CPU.Build.0 = Release|Any CPU
		{68AEB764-4570-49C3-9AA0-929A9D250C04}.Release|x64.ActiveCfg = Release|Any CPU
		{68AEB764-4570-49C3-9AA0-929A9D250C04}.Release|x64.Build.0 = Release|Any CPU
		{68AEB764-4570-49C3-9AA0-929A9D250C04}.Release|x86.ActiveCfg = Release|Any CPU
		{68AEB764-4570-49C3-9AA0-929A9D250C04}.Release|x86.Build.0 = Release|Any CPU
		{ADD715E6-3238-4B37-BEB1-FBDB59FE8C4C}.Debug|Any CPU.ActiveCfg = Debug|Any CPU
		{ADD715E6-3238-4B37-BEB1-FBDB59FE8C4C}.Debug|Any CPU.Build.0 = Debug|Any CPU
		{ADD715E6-3238-4B37-BEB1-FBDB59FE8C4C}.Debug|x64.ActiveCfg = Debug|Any CPU
		{ADD715E6-3238-4B37-BEB1-FBDB59FE8C4C}.Debug|x64.Build.0 = Debug|Any CPU
		{ADD715E6-3238-4B37-BEB1-FBDB59FE8C4C}.Debug|x86.ActiveCfg = Debug|Any CPU
		{ADD715E6-3238-4B37-BEB1-FBDB59FE8C4C}.Debug|x86.Build.0 = Debug|Any CPU
		{ADD715E6-3238-4B37-BEB1-FBDB59FE8C4C}.Release|Any CPU.ActiveCfg = Release|Any CPU
		{ADD715E6-3238-4B37-BEB1-FBDB59FE8C4C}.Release|Any CPU.Build.0 = Release|Any CPU
		{ADD715E6-3238-4B37-BEB1-FBDB59FE8C4C}.Release|x64.ActiveCfg = Release|Any CPU
		{ADD715E6-3238-4B37-BEB1-FBDB59FE8C4C}.Release|x64.Build.0 = Release|Any CPU
		{ADD715E6-3238-4B37-BEB1-FBDB59FE8C4C}.Release|x86.ActiveCfg = Release|Any CPU
		{ADD715E6-3238-4B37-BEB1-FBDB59FE8C4C}.Release|x86.Build.0 = Release|Any CPU
		{9E3EBBBC-DC82-4187-BC47-24CB6DA8175D}.Debug|Any CPU.ActiveCfg = Debug|Any CPU
		{9E3EBBBC-DC82-4187-BC47-24CB6DA8175D}.Debug|Any CPU.Build.0 = Debug|Any CPU
		{9E3EBBBC-DC82-4187-BC47-24CB6DA8175D}.Debug|x64.ActiveCfg = Debug|Any CPU
		{9E3EBBBC-DC82-4187-BC47-24CB6DA8175D}.Debug|x64.Build.0 = Debug|Any CPU
		{9E3EBBBC-DC82-4187-BC47-24CB6DA8175D}.Debug|x86.ActiveCfg = Debug|Any CPU
		{9E3EBBBC-DC82-4187-BC47-24CB6DA8175D}.Debug|x86.Build.0 = Debug|Any CPU
		{9E3EBBBC-DC82-4187-BC47-24CB6DA8175D}.Release|Any CPU.ActiveCfg = Release|Any CPU
		{9E3EBBBC-DC82-4187-BC47-24CB6DA8175D}.Release|Any CPU.Build.0 = Release|Any CPU
		{9E3EBBBC-DC82-4187-BC47-24CB6DA8175D}.Release|x64.ActiveCfg = Release|Any CPU
		{9E3EBBBC-DC82-4187-BC47-24CB6DA8175D}.Release|x64.Build.0 = Release|Any CPU
		{9E3EBBBC-DC82-4187-BC47-24CB6DA8175D}.Release|x86.ActiveCfg = Release|Any CPU
		{9E3EBBBC-DC82-4187-BC47-24CB6DA8175D}.Release|x86.Build.0 = Release|Any CPU
	EndGlobalSection
EndGlobal
